
Microsoft Visual Studio Solution File, Format Version 12.00
# Visual Studio Version 17
VisualStudioVersion = 17.14.36930.0 d17.14
MinimumVisualStudioVersion = 10.0.40219.1
Project("{FAE04EC0-301F-11D3-BF4B-00C04F79EFBC}") = "BuildSearchMod", "BuildSearchMod.csproj", "{63223343-FAAE-4C6D-9C6C-C590BA5C5A4D}"
EndProject
Global
	GlobalSection(SolutionConfigurationPlatforms) = preSolution
		Debug|Any CPU = Debug|Any CPU
		Release|Any CPU = Release|Any CPU
	EndGlobalSection
	GlobalSection(ProjectConfigurationPlatforms) = postSolution
		{63223343-FAAE-4C6D-9C6C-C590BA5C5A4D}.Debug|Any CPU.ActiveCfg = Debug|Any CPU
		{63223343-FAAE-4C6D-9C6C-C590BA5C5A4D}.Debug|Any CPU.Build.0 = Debug|Any CPU
		{63223343-FAAE-4C6D-9C6C-C590BA5C5A4D}.Release|Any CPU.ActiveCfg = Release|Any CPU
		{63223343-FAAE-4C6D-9C6C-C590BA5C5A4D}.Release|Any CPU.Build.0 = Release|Any CPU
	EndGlobalSection
	GlobalSection(SolutionProperties) = preSolution
		HideSolutionNode = FALSE
	EndGlobalSection
	GlobalSection(ExtensibilityGlobals) = postSolution
		SolutionGuid = {A1656FD9-EA06-4020-8410-B5EBDAFC621F}
	EndGlobalSection
EndGlobal
